
Microsoft Visual Studio Solution File, Format Version 12.00
# Visual Studio Version 16
VisualStudioVersion = 16.0.31613.86
MinimumVisualStudioVersion = 10.0.40219.1
Project("{FAE04EC0-301F-11D3-BF4B-00C04F79EFBC}") = "ParkingLotParadigmas_J.P.A.S", "ParkingLotParadigmas_J.P.A.S\ParkingLotParadigmas_J.P.A.S.csproj", "{15E2E72C-D965-4175-BFCF-FC35535066DB}"
EndProject
Global
	GlobalSection(SolutionConfigurationPlatforms) = preSolution
		Debug|Any CPU = Debug|Any CPU
		Release|Any CPU = Release|Any CPU
	EndGlobalSection
	GlobalSection(ProjectConfigurationPlatforms) = postSolution
		{15E2E72C-D965-4175-BFCF-FC35535066DB}.Debug|Any CPU.ActiveCfg = Debug|Any CPU
		{15E2E72C-D965-4175-BFCF-FC35535066DB}.Debug|Any CPU.Build.0 = Debug|Any CPU
		{15E2E72C-D965-4175-BFCF-FC35535066DB}.Release|Any CPU.ActiveCfg = Release|Any CPU
		{15E2E72C-D965-4175-BFCF-FC35535066DB}.Release|Any CPU.Build.0 = Release|Any CPU
	EndGlobalSection
	GlobalSection(SolutionProperties) = preSolution
		HideSolutionNode = FALSE
	EndGlobalSection
	GlobalSection(ExtensibilityGlobals) = postSolution
		SolutionGuid = {8E84EFF8-D40A-424E-9610-1CD0C6F477D6}
	EndGlobalSection
EndGlobal
